{
  "lockfile_version": "1",
  "packages": {
    "direnv@2.35.0": {
      "last_modified": "2025-01-19T08:16:51Z",
      "resolved": "github:NixOS/nixpkgs/50165c4f7eb48ce82bd063e1fb8047a0f515f8ce#direnv",
      "source": "devbox-search",
      "version": "2.35.0",
      "systems": {
        "aarch64-darwin": {
          "outputs": [
            {
              "name": "out",
              "path": "/nix/store/q00mwz61l0kz3ikjafm8v42df79vw70m-direnv-2.35.0",
              "default": true
            }
          ],
          "store_path": "/nix/store/q00mwz61l0kz3ikjafm8v42df79vw70m-direnv-2.35.0"
        },
        "aarch64-linux": {
          "outputs": [
            {
              "name": "out",
              "path": "/nix/store/5qjaj63mcpkbgg9dd7kq326d3zv1nfsq-direnv-2.35.0",
              "default": true
            }
          ],
          "store_path": "/nix/store/5qjaj63mcpkbgg9dd7kq326d3zv1nfsq-direnv-2.35.0"
        },
        "x86_64-darwin": {
          "outputs": [
            {
              "name": "out",
              "path": "/nix/store/7w42jcbp3gl8mswmqkfpm54znbb58116-direnv-2.35.0",
              "default": true
            }
          ],
          "store_path": "/nix/store/7w42jcbp3gl8mswmqkfpm54znbb58116-direnv-2.35.0"
        },
        "x86_64-linux": {
          "outputs": [
            {
              "name": "out",
              "path": "/nix/store/5acgdhnifp5hsvhw2w34jhs5xqjgv0v3-direnv-2.35.0",
              "default": true
            }
          ],
          "store_path": "/nix/store/5acgdhnifp5hsvhw2w34jhs5xqjgv0v3-direnv-2.35.0"
        }
      }
    },
    "github:NixOS/nixpkgs/nixpkgs-unstable": {
      "resolved": "github:NixOS/nixpkgs/02032da4af073d0f6110540c8677f16d4be0117f?lastModified=1741037377&narHash=sha256-SvtvVKHaUX4Owb%2BPasySwZsoc5VUeTf1px34BByiOxw%3D"
    },
    "gitleaks@8.24.0": {
      "last_modified": "2025-02-23T09:42:26Z",
      "resolved": "github:NixOS/nixpkgs/2d068ae5c6516b2d04562de50a58c682540de9bf#gitleaks",
      "source": "devbox-search",
      "version": "8.24.0",
      "systems": {
        "aarch64-darwin": {
          "outputs": [
            {
              "name": "out",
              "path": "/nix/store/ygn7x8k9ld5ny0s4yrd9z7qwxz1a8vn3-gitleaks-8.24.0",
              "default": true
            }
          ],
          "store_path": "/nix/store/ygn7x8k9ld5ny0s4yrd9z7qwxz1a8vn3-gitleaks-8.24.0"
        },
        "aarch64-linux": {
          "outputs": [
            {
              "name": "out",
              "path": "/nix/store/jjhc4iwcvji3nhx3aicqpjc8z8q6wmk8-gitleaks-8.24.0",
              "default": true
            }
          ],
          "store_path": "/nix/store/jjhc4iwcvji3nhx3aicqpjc8z8q6wmk8-gitleaks-8.24.0"
        },
        "x86_64-darwin": {
          "outputs": [
            {
              "name": "out",
              "path": "/nix/store/wnp47slw9xp1qsdzwn4km4rq1m2pk9qh-gitleaks-8.24.0",
              "default": true
            }
          ],
          "store_path": "/nix/store/wnp47slw9xp1qsdzwn4km4rq1m2pk9qh-gitleaks-8.24.0"
        },
        "x86_64-linux": {
          "outputs": [
            {
              "name": "out",
              "path": "/nix/store/d65ndjlff57lr8akgixlq6m1c25zrs73-gitleaks-8.24.0",
              "default": true
            }
          ],
          "store_path": "/nix/store/d65ndjlff57lr8akgixlq6m1c25zrs73-gitleaks-8.24.0"
        }
      }
    },
    "pre-commit@4.0.1": {
      "last_modified": "2025-01-31T04:26:24Z",
      "resolved": "github:NixOS/nixpkgs/9189ac18287c599860e878e905da550aa6dec1cd#pre-commit",
      "source": "devbox-search",
      "version": "4.0.1",
      "systems": {
        "aarch64-darwin": {
          "outputs": [
            {
              "name": "out",
              "path": "/nix/store/0wmqj4m2pz3kkqcsnvc0pzsyjqqx0zn3-pre-commit-4.0.1",
              "default": true
            },
            {
              "name": "dist",
              "path": "/nix/store/68mri4rclghlcvvf1bldxfjl357qxzxn-pre-commit-4.0.1-dist"
            }
          ],
          "store_path": "/nix/store/0wmqj4m2pz3kkqcsnvc0pzsyjqqx0zn3-pre-commit-4.0.1"
        },
        "aarch64-linux": {
          "outputs": [
            {
              "name": "out",
              "path": "/nix/store/659xf9l2275gyw92ra5x5r6vhsfnamx6-pre-commit-4.0.1",
              "default": true
            },
            {
              "name": "dist",
              "path": "/nix/store/91pf595x4pvlrh4qyp43sf2arnn6s63i-pre-commit-4.0.1-dist"
            }
          ],
          "store_path": "/nix/store/659xf9l2275gyw92ra5x5r6vhsfnamx6-pre-commit-4.0.1"
        },
        "x86_64-darwin": {
          "outputs": [
            {
              "name": "out",
              "path": "/nix/store/0l7d2aj7j6hqc3wjln57dr2w0b1va8gk-pre-commit-4.0.1",
              "default": true
            },
            {
              "name": "dist",
              "path": "/nix/store/y62pjir7a9qjxxg1aclxpr63hn7gvlbd-pre-commit-4.0.1-dist"
            }
          ],
          "store_path": "/nix/store/0l7d2aj7j6hqc3wjln57dr2w0b1va8gk-pre-commit-4.0.1"
        },
        "x86_64-linux": {
          "outputs": [
            {
              "name": "out",
              "path": "/nix/store/mysa4nbqz7i266qnrxng859gz436szjr-pre-commit-4.0.1",
              "default": true
            },
            {
              "name": "dist",
              "path": "/nix/store/0c5q7fb7rqy75yqhv44cy6g23ybwaa98-pre-commit-4.0.1-dist"
            }
          ],
          "store_path": "/nix/store/mysa4nbqz7i266qnrxng859gz436szjr-pre-commit-4.0.1"
        }
      }
    },
    "yamllint@1.35.1": {
      "last_modified": "2025-01-19T08:16:51Z",
      "resolved": "github:NixOS/nixpkgs/50165c4f7eb48ce82bd063e1fb8047a0f515f8ce#yamllint",
      "source": "devbox-search",
      "version": "1.35.1",
      "systems": {
        "aarch64-darwin": {
          "outputs": [
            {
              "name": "out",
              "path": "/nix/store/jlcrw184bxcbqcs6igjwal55425xxcm9-python3.12-yamllint-1.35.1",
              "default": true
            },
            {
              "name": "dist",
              "path": "/nix/store/22vzn06fx5yzgfn80ka77fj0hy45nb23-python3.12-yamllint-1.35.1-dist"
            }
          ],
          "store_path": "/nix/store/jlcrw184bxcbqcs6igjwal55425xxcm9-python3.12-yamllint-1.35.1"
        },
        "aarch64-linux": {
          "outputs": [
            {
              "name": "out",
              "path": "/nix/store/6vzl6v6m6wrlv78xpw4bq38hidkcvscv-python3.12-yamllint-1.35.1",
              "default": true
            },
            {
              "name": "dist",
              "path": "/nix/store/wqc08x7gsly5imchhifp079q8sgrpc5a-python3.12-yamllint-1.35.1-dist"
            }
          ],
          "store_path": "/nix/store/6vzl6v6m6wrlv78xpw4bq38hidkcvscv-python3.12-yamllint-1.35.1"
        },
        "x86_64-darwin": {
          "outputs": [
            {
              "name": "out",
              "path": "/nix/store/6idgrdfw4v396r10xj1wfj303ngxvq4d-python3.12-yamllint-1.35.1",
              "default": true
            },
            {
              "name": "dist",
              "path": "/nix/store/6jlj9r9jazvd9hnp9m6l3p4r9d1bihgm-python3.12-yamllint-1.35.1-dist"
            }
          ],
          "store_path": "/nix/store/6idgrdfw4v396r10xj1wfj303ngxvq4d-python3.12-yamllint-1.35.1"
        },
        "x86_64-linux": {
          "outputs": [
            {
              "name": "out",
              "path": "/nix/store/cz1y92gzhb2ldxz8jhfmfg84r99v15z1-python3.12-yamllint-1.35.1",
              "default": true
            },
            {
              "name": "dist",
              "path": "/nix/store/s04aw0g043zlpn6dwvfbgd8jaa22idgx-python3.12-yamllint-1.35.1-dist"
            }
          ],
          "store_path": "/nix/store/cz1y92gzhb2ldxz8jhfmfg84r99v15z1-python3.12-yamllint-1.35.1"
        }
      }
    }
  }
}
