{
  "lockfile_version": "1",
  "packages": {
    "direnv@2.37.1": {
      "last_modified": "2025-07-21T09:58:03Z",
      "resolved": "github:NixOS/nixpkgs/2baf8e1658cba84a032c3a8befb1e7b06629242a#direnv",
      "source": "devbox-search",
      "version": "2.37.1",
      "systems": {
        "aarch64-darwin": {
          "outputs": [
            {
              "name": "out",
              "path": "/nix/store/2yxm2j7kwmjvvjph8x2mmfhmzhaj1y5c-direnv-2.37.1",
              "default": true
            }
          ],
          "store_path": "/nix/store/2yxm2j7kwmjvvjph8x2mmfhmzhaj1y5c-direnv-2.37.1"
        },
        "aarch64-linux": {
          "outputs": [
            {
              "name": "out",
              "path": "/nix/store/8dfqhbnfc65fv4rxpjp2knvsc0c2h7f7-direnv-2.37.1",
              "default": true
            }
          ],
          "store_path": "/nix/store/8dfqhbnfc65fv4rxpjp2knvsc0c2h7f7-direnv-2.37.1"
        },
        "x86_64-darwin": {
          "outputs": [
            {
              "name": "out",
              "path": "/nix/store/sl2ay9dwylk2nvyxsg2kpcclhahgzhnb-direnv-2.37.1",
              "default": true
            }
          ],
          "store_path": "/nix/store/sl2ay9dwylk2nvyxsg2kpcclhahgzhnb-direnv-2.37.1"
        },
        "x86_64-linux": {
          "outputs": [
            {
              "name": "out",
              "path": "/nix/store/cayixg88lflclgcwjlc21bih648in6ff-direnv-2.37.1",
              "default": true
            }
          ],
          "store_path": "/nix/store/cayixg88lflclgcwjlc21bih648in6ff-direnv-2.37.1"
        }
      }
    },
    "github:NixOS/nixpkgs/nixpkgs-unstable": {
      "resolved": "github:NixOS/nixpkgs/02032da4af073d0f6110540c8677f16d4be0117f?lastModified=1741037377&narHash=sha256-SvtvVKHaUX4Owb%2BPasySwZsoc5VUeTf1px34BByiOxw%3D"
    },
    "gitleaks@8.27.2": {
      "last_modified": "2025-06-11T05:21:29Z",
      "resolved": "github:NixOS/nixpkgs/f72be405a10668b8b00937b452f2145244103ebc#gitleaks",
      "source": "devbox-search",
      "version": "8.27.2",
      "systems": {
        "aarch64-darwin": {
          "outputs": [
            {
              "name": "out",
              "path": "/nix/store/fcrw6rqprksc3cw0r056my682d8cqjwq-gitleaks-8.27.2",
              "default": true
            }
          ],
          "store_path": "/nix/store/fcrw6rqprksc3cw0r056my682d8cqjwq-gitleaks-8.27.2"
        },
        "aarch64-linux": {
          "outputs": [
            {
              "name": "out",
              "path": "/nix/store/5i9kgl57rmwwkgk42vqxscba8wvqdbxc-gitleaks-8.27.2",
              "default": true
            }
          ],
          "store_path": "/nix/store/5i9kgl57rmwwkgk42vqxscba8wvqdbxc-gitleaks-8.27.2"
        },
        "x86_64-darwin": {
          "outputs": [
            {
              "name": "out",
              "path": "/nix/store/b4mm3hgs5lj4hiz9q4w4rclz58043p38-gitleaks-8.27.2",
              "default": true
            }
          ],
          "store_path": "/nix/store/b4mm3hgs5lj4hiz9q4w4rclz58043p38-gitleaks-8.27.2"
        },
        "x86_64-linux": {
          "outputs": [
            {
              "name": "out",
              "path": "/nix/store/f4fq6lkmfqhn62wnsdy0jj039854ggsl-gitleaks-8.27.2",
              "default": true
            }
          ],
          "store_path": "/nix/store/f4fq6lkmfqhn62wnsdy0jj039854ggsl-gitleaks-8.27.2"
        }
      }
    },
    "pre-commit@4.2.0": {
      "last_modified": "2025-07-01T05:58:53Z",
      "resolved": "github:NixOS/nixpkgs/bdfd0f2afcf764e531d0960c821ab070a6174b15#pre-commit",
      "source": "devbox-search",
      "version": "4.2.0",
      "systems": {
        "aarch64-darwin": {
          "outputs": [
            {
              "name": "out",
              "path": "/nix/store/315r14961429dmy69g2cc34i3vypz9yf-pre-commit-4.2.0",
              "default": true
            },
            {
              "name": "dist",
              "path": "/nix/store/bnbb1ibsa3cxjc5k11rksyfn4v1yrw0g-pre-commit-4.2.0-dist"
            }
          ],
          "store_path": "/nix/store/315r14961429dmy69g2cc34i3vypz9yf-pre-commit-4.2.0"
        },
        "aarch64-linux": {
          "outputs": [
            {
              "name": "out",
              "path": "/nix/store/fs4xcslqr62ka8mf9jb3mkj9gsppxr60-pre-commit-4.2.0",
              "default": true
            },
            {
              "name": "dist",
              "path": "/nix/store/z5n3hisvm3d5qak9ck030v0qmbf495nj-pre-commit-4.2.0-dist"
            }
          ],
          "store_path": "/nix/store/fs4xcslqr62ka8mf9jb3mkj9gsppxr60-pre-commit-4.2.0"
        },
        "x86_64-darwin": {
          "outputs": [
            {
              "name": "out",
              "path": "/nix/store/1sbi1q54qab5ap275zxrj9p65r1i09iy-pre-commit-4.2.0",
              "default": true
            },
            {
              "name": "dist",
              "path": "/nix/store/q2vvc95lbycahl1h8dzbqc84mg7s2fbz-pre-commit-4.2.0-dist"
            }
          ],
          "store_path": "/nix/store/1sbi1q54qab5ap275zxrj9p65r1i09iy-pre-commit-4.2.0"
        },
        "x86_64-linux": {
          "outputs": [
            {
              "name": "out",
              "path": "/nix/store/znaimz4cnwnw6c8k4s4ry9hw0bw5yxfk-pre-commit-4.2.0",
              "default": true
            },
            {
              "name": "dist",
              "path": "/nix/store/dazhb4a526yfgq2afnqcsck197xvdk5x-pre-commit-4.2.0-dist"
            }
          ],
          "store_path": "/nix/store/znaimz4cnwnw6c8k4s4ry9hw0bw5yxfk-pre-commit-4.2.0"
        }
      }
    },
    "yamllint@1.37.1": {
      "last_modified": "2025-05-12T14:38:58Z",
      "resolved": "github:NixOS/nixpkgs/eaeed9530c76ce5f1d2d8232e08bec5e26f18ec1#yamllint",
      "source": "devbox-search",
      "version": "1.37.1",
      "systems": {
        "aarch64-darwin": {
          "outputs": [
            {
              "name": "out",
              "path": "/nix/store/5pxl2vassm5p3na7nz0a07vf7ii1q5x7-python3.12-yamllint-1.37.1",
              "default": true
            },
            {
              "name": "dist",
              "path": "/nix/store/h4ynn1ayg2gbxw3mrrd2f8szxvjw032h-python3.12-yamllint-1.37.1-dist"
            }
          ],
          "store_path": "/nix/store/5pxl2vassm5p3na7nz0a07vf7ii1q5x7-python3.12-yamllint-1.37.1"
        },
        "aarch64-linux": {
          "outputs": [
            {
              "name": "out",
              "path": "/nix/store/m3l8ak6d3d0qgvjfshb10x0wqw6lw63h-python3.12-yamllint-1.37.1",
              "default": true
            },
            {
              "name": "dist",
              "path": "/nix/store/kgss2dv6ylck2bijixx60in68ysmq7hv-python3.12-yamllint-1.37.1-dist"
            }
          ],
          "store_path": "/nix/store/m3l8ak6d3d0qgvjfshb10x0wqw6lw63h-python3.12-yamllint-1.37.1"
        },
        "x86_64-darwin": {
          "outputs": [
            {
              "name": "out",
              "path": "/nix/store/sawjp7hvaji6b545hxx2pcmbl21l8gjm-python3.12-yamllint-1.37.1",
              "default": true
            },
            {
              "name": "dist",
              "path": "/nix/store/3n8j9a1bafhwc7ii0jm4df57a4ddxmap-python3.12-yamllint-1.37.1-dist"
            }
          ],
          "store_path": "/nix/store/sawjp7hvaji6b545hxx2pcmbl21l8gjm-python3.12-yamllint-1.37.1"
        },
        "x86_64-linux": {
          "outputs": [
            {
              "name": "out",
              "path": "/nix/store/anv01gj6mry1px518q0pz0kpms2s0zr7-python3.12-yamllint-1.37.1",
              "default": true
            },
            {
              "name": "dist",
              "path": "/nix/store/n61pzicca99vi3kj1i3vjd9rrfbijcjb-python3.12-yamllint-1.37.1-dist"
            }
          ],
          "store_path": "/nix/store/anv01gj6mry1px518q0pz0kpms2s0zr7-python3.12-yamllint-1.37.1"
        }
      }
    }
  }
}
