{
  "lockfile_version": "1",
  "packages": {
    "direnv@2.36.0": {
      "last_modified": "2025-04-12T07:19:22Z",
      "resolved": "github:NixOS/nixpkgs/2349f9de17183971db12ae9e0123dab132023bd7#direnv",
      "source": "devbox-search",
      "version": "2.36.0",
      "systems": {
        "aarch64-darwin": {
          "outputs": [
            {
              "name": "out",
              "path": "/nix/store/6hyvif1ya643d3bifnis8728nz8gj1jp-direnv-2.36.0",
              "default": true
            }
          ],
          "store_path": "/nix/store/6hyvif1ya643d3bifnis8728nz8gj1jp-direnv-2.36.0"
        },
        "aarch64-linux": {
          "outputs": [
            {
              "name": "out",
              "path": "/nix/store/34w0ch8yxhbl7if4jrkxqyci58x22awk-direnv-2.36.0",
              "default": true
            }
          ],
          "store_path": "/nix/store/34w0ch8yxhbl7if4jrkxqyci58x22awk-direnv-2.36.0"
        },
        "x86_64-darwin": {
          "outputs": [
            {
              "name": "out",
              "path": "/nix/store/9pqw407blhnxxnzjbf3lxwllvfhqyhzg-direnv-2.36.0",
              "default": true
            }
          ],
          "store_path": "/nix/store/9pqw407blhnxxnzjbf3lxwllvfhqyhzg-direnv-2.36.0"
        },
        "x86_64-linux": {
          "outputs": [
            {
              "name": "out",
              "path": "/nix/store/7hhiy9awcws07p6bi6hfdb3vln1ws118-direnv-2.36.0",
              "default": true
            }
          ],
          "store_path": "/nix/store/7hhiy9awcws07p6bi6hfdb3vln1ws118-direnv-2.36.0"
        }
      }
    },
    "github:NixOS/nixpkgs/nixpkgs-unstable": {
      "resolved": "github:NixOS/nixpkgs/02032da4af073d0f6110540c8677f16d4be0117f?lastModified=1741037377&narHash=sha256-SvtvVKHaUX4Owb%2BPasySwZsoc5VUeTf1px34BByiOxw%3D"
    },
    "gitleaks@8.26.0": {
      "last_modified": "2025-05-15T12:36:28Z",
      "resolved": "github:NixOS/nixpkgs/b1bebd0fe266bbd1820019612ead889e96a8fa2d#gitleaks",
      "source": "devbox-search",
      "version": "8.26.0",
      "systems": {
        "aarch64-darwin": {
          "outputs": [
            {
              "name": "out",
              "path": "/nix/store/45nysi4l8x2xj9wwpi636i94a1wfmslk-gitleaks-8.26.0",
              "default": true
            }
          ],
          "store_path": "/nix/store/45nysi4l8x2xj9wwpi636i94a1wfmslk-gitleaks-8.26.0"
        },
        "aarch64-linux": {
          "outputs": [
            {
              "name": "out",
              "path": "/nix/store/n41sb7j0n9y2x30pznsrzrla3y64pfhz-gitleaks-8.26.0",
              "default": true
            }
          ],
          "store_path": "/nix/store/n41sb7j0n9y2x30pznsrzrla3y64pfhz-gitleaks-8.26.0"
        },
        "x86_64-darwin": {
          "outputs": [
            {
              "name": "out",
              "path": "/nix/store/v5rgqsqwq5dsg1mi115br39f7bkssr0r-gitleaks-8.26.0",
              "default": true
            }
          ],
          "store_path": "/nix/store/v5rgqsqwq5dsg1mi115br39f7bkssr0r-gitleaks-8.26.0"
        },
        "x86_64-linux": {
          "outputs": [
            {
              "name": "out",
              "path": "/nix/store/sbz759ry833irpqa2cjx4xrj1hj2pxqk-gitleaks-8.26.0",
              "default": true
            }
          ],
          "store_path": "/nix/store/sbz759ry833irpqa2cjx4xrj1hj2pxqk-gitleaks-8.26.0"
        }
      }
    },
    "pre-commit@4.0.1": {
      "last_modified": "2025-01-31T04:26:24Z",
      "resolved": "github:NixOS/nixpkgs/9189ac18287c599860e878e905da550aa6dec1cd#pre-commit",
      "source": "devbox-search",
      "version": "4.0.1",
      "systems": {
        "aarch64-darwin": {
          "outputs": [
            {
              "name": "out",
              "path": "/nix/store/0wmqj4m2pz3kkqcsnvc0pzsyjqqx0zn3-pre-commit-4.0.1",
              "default": true
            },
            {
              "name": "dist",
              "path": "/nix/store/68mri4rclghlcvvf1bldxfjl357qxzxn-pre-commit-4.0.1-dist"
            }
          ],
          "store_path": "/nix/store/0wmqj4m2pz3kkqcsnvc0pzsyjqqx0zn3-pre-commit-4.0.1"
        },
        "aarch64-linux": {
          "outputs": [
            {
              "name": "out",
              "path": "/nix/store/659xf9l2275gyw92ra5x5r6vhsfnamx6-pre-commit-4.0.1",
              "default": true
            },
            {
              "name": "dist",
              "path": "/nix/store/91pf595x4pvlrh4qyp43sf2arnn6s63i-pre-commit-4.0.1-dist"
            }
          ],
          "store_path": "/nix/store/659xf9l2275gyw92ra5x5r6vhsfnamx6-pre-commit-4.0.1"
        },
        "x86_64-darwin": {
          "outputs": [
            {
              "name": "out",
              "path": "/nix/store/0l7d2aj7j6hqc3wjln57dr2w0b1va8gk-pre-commit-4.0.1",
              "default": true
            },
            {
              "name": "dist",
              "path": "/nix/store/y62pjir7a9qjxxg1aclxpr63hn7gvlbd-pre-commit-4.0.1-dist"
            }
          ],
          "store_path": "/nix/store/0l7d2aj7j6hqc3wjln57dr2w0b1va8gk-pre-commit-4.0.1"
        },
        "x86_64-linux": {
          "outputs": [
            {
              "name": "out",
              "path": "/nix/store/mysa4nbqz7i266qnrxng859gz436szjr-pre-commit-4.0.1",
              "default": true
            },
            {
              "name": "dist",
              "path": "/nix/store/0c5q7fb7rqy75yqhv44cy6g23ybwaa98-pre-commit-4.0.1-dist"
            }
          ],
          "store_path": "/nix/store/mysa4nbqz7i266qnrxng859gz436szjr-pre-commit-4.0.1"
        }
      }
    },
    "yamllint@1.37.1": {
      "last_modified": "2025-05-12T14:38:58Z",
      "resolved": "github:NixOS/nixpkgs/eaeed9530c76ce5f1d2d8232e08bec5e26f18ec1#yamllint",
      "source": "devbox-search",
      "version": "1.37.1",
      "systems": {
        "aarch64-darwin": {
          "outputs": [
            {
              "name": "out",
              "path": "/nix/store/5pxl2vassm5p3na7nz0a07vf7ii1q5x7-python3.12-yamllint-1.37.1",
              "default": true
            },
            {
              "name": "dist",
              "path": "/nix/store/h4ynn1ayg2gbxw3mrrd2f8szxvjw032h-python3.12-yamllint-1.37.1-dist"
            }
          ],
          "store_path": "/nix/store/5pxl2vassm5p3na7nz0a07vf7ii1q5x7-python3.12-yamllint-1.37.1"
        },
        "aarch64-linux": {
          "outputs": [
            {
              "name": "out",
              "path": "/nix/store/m3l8ak6d3d0qgvjfshb10x0wqw6lw63h-python3.12-yamllint-1.37.1",
              "default": true
            },
            {
              "name": "dist",
              "path": "/nix/store/kgss2dv6ylck2bijixx60in68ysmq7hv-python3.12-yamllint-1.37.1-dist"
            }
          ],
          "store_path": "/nix/store/m3l8ak6d3d0qgvjfshb10x0wqw6lw63h-python3.12-yamllint-1.37.1"
        },
        "x86_64-darwin": {
          "outputs": [
            {
              "name": "out",
              "path": "/nix/store/sawjp7hvaji6b545hxx2pcmbl21l8gjm-python3.12-yamllint-1.37.1",
              "default": true
            },
            {
              "name": "dist",
              "path": "/nix/store/3n8j9a1bafhwc7ii0jm4df57a4ddxmap-python3.12-yamllint-1.37.1-dist"
            }
          ],
          "store_path": "/nix/store/sawjp7hvaji6b545hxx2pcmbl21l8gjm-python3.12-yamllint-1.37.1"
        },
        "x86_64-linux": {
          "outputs": [
            {
              "name": "out",
              "path": "/nix/store/anv01gj6mry1px518q0pz0kpms2s0zr7-python3.12-yamllint-1.37.1",
              "default": true
            },
            {
              "name": "dist",
              "path": "/nix/store/n61pzicca99vi3kj1i3vjd9rrfbijcjb-python3.12-yamllint-1.37.1-dist"
            }
          ],
          "store_path": "/nix/store/anv01gj6mry1px518q0pz0kpms2s0zr7-python3.12-yamllint-1.37.1"
        }
      }
    }
  }
}
